# This file is autogenerated, do not edit; changes may be undone by the next 'dep ensure'.


[[projects]]
  branch = "master"
  digest = "1:9746c959828c5cb127ddbbea96599b6ebb6d59855ed0698c182e0b86b818d072"
  name = "golang.org/x/crypto"
  packages = [
    "cast5",
    "openpgp",
    "openpgp/armor",
    "openpgp/elgamal",
    "openpgp/errors",
    "openpgp/packet",
    "openpgp/s2k",
  ]
  pruneopts = "UT"
  revision = "505ab145d0a99da450461ae2c1a9f6cd10d1f447"

[solve-meta]
  analyzer-name = "dep"
  analyzer-version = 1
  input-imports = ["golang.org/x/crypto/openpgp"]
  solver-name = "gps-cdcl"
  solver-version = 1
